
Microsoft Visual Studio Solution File, Format Version 12.00
Project("{2150E333-8FDC-42A3-9474-1A3956D46DE8}") = "Source", "Source", "{2BE1D4BE-D411-4A87-8326-F012A6B78151}"
EndProject
Project("{FAE04EC0-301F-11D3-BF4B-00C04F79EFBC}") = "Isla", "Source\Isla\Isla.csproj", "{34D7807B-898C-43D9-80E8-A08DA0CA3F33}"
EndProject
Global
	GlobalSection(SolutionConfigurationPlatforms) = preSolution
		Debug|Any CPU = Debug|Any CPU
		Release|Any CPU = Release|Any CPU
	EndGlobalSection
	GlobalSection(NestedProjects) = preSolution
		{34D7807B-898C-43D9-80E8-A08DA0CA3F33} = {2BE1D4BE-D411-4A87-8326-F012A6B78151}
	EndGlobalSection
	GlobalSection(ProjectConfigurationPlatforms) = postSolution
		{34D7807B-898C-43D9-80E8-A08DA0CA3F33}.Debug|Any CPU.ActiveCfg = Debug|Any CPU
		{34D7807B-898C-43D9-80E8-A08DA0CA3F33}.Debug|Any CPU.Build.0 = Debug|Any CPU
		{34D7807B-898C-43D9-80E8-A08DA0CA3F33}.Release|Any CPU.ActiveCfg = Release|Any CPU
		{34D7807B-898C-43D9-80E8-A08DA0CA3F33}.Release|Any CPU.Build.0 = Release|Any CPU
	EndGlobalSection
EndGlobal
